<?xml version="1.0" encoding="utf-8"?>
<Project ToolsVersion="4.0" xmlns="http://schemas.microsoft.com/developer/msbuild/2003">
  <ItemGroup>
    <ClCompile Include="GPUCore.cpp" />
    <ClCompile Include="Main.cpp" />
    <ClCompile Include="..\utils\D3D12Timer.cpp">
      <Filter>utils</Filter>
    </ClCompile>
  </ItemGroup>
  <ItemGroup>
    <ClInclude Include="GPUCore.h" />
    <ClInclude Include="Options.h" />
    <ClInclude Include="..\third_party\d3dx12.h">
      <Filter>third_party</Filter>
    </ClInclude>
    <ClInclude Include="..\third_party\DXSampleHelper.h">
      <Filter>third_party</Filter>
    </ClInclude>
    <ClInclude Include="..\utils\D3D12Timer.h">
      <Filter>utils</Filter>
    </ClInclude>
  </ItemGroup>
  <ItemGroup>
    <Filter Include="third_party">
      <UniqueIdentifier>{4232dc68-93bf-4bfe-9a1e-7ec1a0d29114}</UniqueIdentifier>
    </Filter>
    <Filter Include="utils">
      <UniqueIdentifier>{665c5919-987f-4c33-b162-92d93897788d}</UniqueIdentifier>
    </Filter>
  </ItemGroup>
  <ItemGroup>
    <None Include="packages.config" />
  </ItemGroup>
</Project>